name: Fix flake.lock on Renovate PRs

on:
  pull_request:
    paths:
      - flake.nix
    branches:
      - renovate/**

jobs:
  update-lock:
    runs-on: ubuntu-latest
    if: github.actor == 'renovate[bot]'
    permissions:
      contents: write
    steps:
      - uses: actions/checkout@v4
        with:
          ref: ${{ github.head_ref }}
          fetch-depth: 0

      - uses: DeterminateSystems/nix-installer-action@v3

      - name: Update flake.lock
        run: nix --extra-experimental-features 'nix-command flakes' flake lock

      - name: Commit and push updated flake.lock
        run: |
          git config user.name "github-actions[bot]"
          git config user.email "github-actions[bot]@users.noreply.github.com"
          git add flake.lock
          if ! git diff --cached --quiet; then
            git commit -m "chore: sync flake.lock with flake.nix"
            git push origin ${{ github.head_ref }}
          fi
